
Microsoft Visual Studio Solution File, Format Version 12.00
# Visual Studio Version 17
VisualStudioVersion = 17.10.34916.146
MinimumVisualStudioVersion = 10.0.40219.1
Project("{9A19103F-16F7-4668-BE54-9A1E7A4F7556}") = "TimeTrackerApi", "TimeTrackerApi\TimeTrackerApi.csproj", "{032C4CB2-8EEE-4A53-9857-A07FD8F7B0D4}"
EndProject
Global
	GlobalSection(SolutionConfigurationPlatforms) = preSolution
		Debug|Any CPU = Debug|Any CPU
		Release|Any CPU = Release|Any CPU
	EndGlobalSection
	GlobalSection(ProjectConfigurationPlatforms) = postSolution
		{032C4CB2-8EEE-4A53-9857-A07FD8F7B0D4}.Debug|Any CPU.ActiveCfg = Debug|Any CPU
		{032C4CB2-8EEE-4A53-9857-A07FD8F7B0D4}.Debug|Any CPU.Build.0 = Debug|Any CPU
		{032C4CB2-8EEE-4A53-9857-A07FD8F7B0D4}.Release|Any CPU.ActiveCfg = Release|Any CPU
		{032C4CB2-8EEE-4A53-9857-A07FD8F7B0D4}.Release|Any CPU.Build.0 = Release|Any CPU
	EndGlobalSection
	GlobalSection(SolutionProperties) = preSolution
		HideSolutionNode = FALSE
	EndGlobalSection
	GlobalSection(ExtensibilityGlobals) = postSolution
		SolutionGuid = {1F350E02-1641-4AE6-9E1D-FC1204245A24}
	EndGlobalSection
EndGlobal
